
Microsoft Visual Studio Solution File, Format Version 12.00
# Visual Studio 2013
VisualStudioVersion = 12.0.40629.0
MinimumVisualStudioVersion = 10.0.40219.1
Project("{FAE04EC0-301F-11D3-BF4B-00C04F79EFBC}") = "SoundCloud.NET", "SoundCloud.NET\SoundCloud.NET.csproj", "{17333AE0-A1EB-4B40-8865-8261C690814C}"
EndProject
Project("{FAE04EC0-301F-11D3-BF4B-00C04F79EFBC}") = "LibTest", "LibTest\LibTest.csproj", "{03236EE9-4AB0-4036-94D8-C520C2B2BAD2}"
EndProject
Project("{2150E333-8FDC-42A3-9474-1A3956D46DE8}") = ".nuget", ".nuget", "{D01CBD7D-DCC1-4EFA-81B4-7EA92A5B7CA4}"
	ProjectSection(SolutionItems) = preProject
		.nuget\NuGet.Config = .nuget\NuGet.Config
		.nuget\NuGet.exe = .nuget\NuGet.exe
		.nuget\NuGet.targets = .nuget\NuGet.targets
	EndProjectSection
EndProject
Global
	GlobalSection(SolutionConfigurationPlatforms) = preSolution
		Debug|Any CPU = Debug|Any CPU
		Release|Any CPU = Release|Any CPU
	EndGlobalSection
	GlobalSection(ProjectConfigurationPlatforms) = postSolution
		{17333AE0-A1EB-4B40-8865-8261C690814C}.Debug|Any CPU.ActiveCfg = Debug|Any CPU
		{17333AE0-A1EB-4B40-8865-8261C690814C}.Debug|Any CPU.Build.0 = Debug|Any CPU
		{17333AE0-A1EB-4B40-8865-8261C690814C}.Release|Any CPU.ActiveCfg = Release|Any CPU
		{17333AE0-A1EB-4B40-8865-8261C690814C}.Release|Any CPU.Build.0 = Release|Any CPU
		{03236EE9-4AB0-4036-94D8-C520C2B2BAD2}.Debug|Any CPU.ActiveCfg = Debug|Any CPU
		{03236EE9-4AB0-4036-94D8-C520C2B2BAD2}.Debug|Any CPU.Build.0 = Debug|Any CPU
		{03236EE9-4AB0-4036-94D8-C520C2B2BAD2}.Release|Any CPU.ActiveCfg = Release|Any CPU
		{03236EE9-4AB0-4036-94D8-C520C2B2BAD2}.Release|Any CPU.Build.0 = Release|Any CPU
	EndGlobalSection
	GlobalSection(SolutionProperties) = preSolution
		HideSolutionNode = FALSE
	EndGlobalSection
EndGlobal
